// !$*UTF8*$!
{
	archiveVersion = 1;
	classes = {
	};
	objectVersion = 50;
	objects = {

/* Begin PBXBuildFile section */
		CE0C242422134C01001B7405 /* LoginViewController.swift in Sources */ = {isa = PBXBuildFile; fileRef = CE0C242322134C01001B7405 /* LoginViewController.swift */; };
		CEAA54D9220C759300567DD2 /* AppDelegate.swift in Sources */ = {isa = PBXBuildFile; fileRef = CEAA54D8220C759300567DD2 /* AppDelegate.swift */; };
		CEAA54DB220C759300567DD2 /* ViewController.swift in Sources */ = {isa = PBXBuildFile; fileRef = CEAA54DA220C759300567DD2 /* ViewController.swift */; };
		CEAA54DE220C759300567DD2 /* Main.storyboard in Resources */ = {isa = PBXBuildFile; fileRef = CEAA54DC220C759300567DD2 /* Main.storyboard */; };
		CEAA54E0220C759800567DD2 /* Assets.xcassets in Resources */ = {isa = PBXBuildFile; fileRef = CEAA54DF220C759800567DD2 /* Assets.xcassets */; };
		CEAA54E3220C759800567DD2 /* LaunchScreen.storyboard in Resources */ = {isa = PBXBuildFile; fileRef = CEAA54E1220C759800567DD2 /* LaunchScreen.storyboard */; };
		CEAA54F0220C7A4600567DD2 /* BaseViewController.swift in Sources */ = {isa = PBXBuildFile; fileRef = CEAA54EF220C7A4600567DD2 /* BaseViewController.swift */; };
		CEAA54F2220C7B0000567DD2 /* MenuViewController.swift in Sources */ = {isa = PBXBuildFile; fileRef = CEAA54F1220C7B0000567DD2 /* MenuViewController.swift */; };
/* End PBXBuildFile section */

/* Begin PBXFileReference section */
		CE0C242322134C01001B7405 /* LoginViewController.swift */ = {isa = PBXFileReference; lastKnownFileType = sourcecode.swift; path = LoginViewController.swift; sourceTree = "<group>"; };
		CEAA54D5220C759300567DD2 /* ENG3 SE.app */ = {isa = PBXFileReference; explicitFileType = wrapper.application; includeInIndex = 0; path = "ENG3 SE.app"; sourceTree = BUILT_PRODUCTS_DIR; };
		CEAA54D8220C759300567DD2 /* AppDelegate.swift */ = {isa = PBXFileReference; lastKnownFileType = sourcecode.swift; path = AppDelegate.swift; sourceTree = "<group>"; };
		CEAA54DA220C759300567DD2 /* ViewController.swift */ = {isa = PBXFileReference; lastKnownFileType = sourcecode.swift; path = ViewController.swift; sourceTree = "<group>"; };
		CEAA54DD220C759300567DD2 /* Base */ = {isa = PBXFileReference; lastKnownFileType = file.storyboard; name = Base; path = Base.lproj/Main.storyboard; sourceTree = "<group>"; };
		CEAA54DF220C759800567DD2 /* Assets.xcassets */ = {isa = PBXFileReference; lastKnownFileType = folder.assetcatalog; path = Assets.xcassets; sourceTree = "<group>"; };
		CEAA54E2220C759800567DD2 /* Base */ = {isa = PBXFileReference; lastKnownFileType = file.storyboard; name = Base; path = Base.lproj/LaunchScreen.storyboard; sourceTree = "<group>"; };
		CEAA54E4220C759800567DD2 /* Info.plist */ = {isa = PBXFileReference; lastKnownFileType = text.plist.xml; path = Info.plist; sourceTree = "<group>"; };
		CEAA54EF220C7A4600567DD2 /* BaseViewController.swift */ = {isa = PBXFileReference; fileEncoding = 4; lastKnownFileType = sourcecode.swift; path = BaseViewController.swift; sourceTree = "<group>"; };
		CEAA54F1220C7B0000567DD2 /* MenuViewController.swift */ = {isa = PBXFileReference; lastKnownFileType = sourcecode.swift; path = MenuViewController.swift; sourceTree = "<group>"; };
/* End PBXFileReference section */

/* Begin PBXFrameworksBuildPhase section */
		CEAA54D2220C759300567DD2 /* Frameworks */ = {
			isa = PBXFrameworksBuildPhase;
			buildActionMask = 2147483647;
			files = (
			);
			runOnlyForDeploymentPostprocessing = 0;
		};
/* End PBXFrameworksBuildPhase section */

/* Begin PBXGroup section */
		CEAA54CC220C759300567DD2 = {
			isa = PBXGroup;
			children = (
				CEAA54D7220C759300567DD2 /* ENG3 SE */,
				CEAA54D6220C759300567DD2 /* Products */,
			);
			sourceTree = "<group>";
		};
		CEAA54D6220C759300567DD2 /* Products */ = {
			isa = PBXGroup;
			children = (
				CEAA54D5220C759300567DD2 /* ENG3 SE.app */,
			);
			name = Products;
			sourceTree = "<group>";
		};
		CEAA54D7220C759300567DD2 /* ENG3 SE */ = {
			isa = PBXGroup;
			children = (
				CEAA54EC220C75BE00567DD2 /* Model */,
				CEAA54EB220C75B600567DD2 /* View */,
				CEAA54EA220C75A700567DD2 /* Controller */,
				CEAA54D8220C759300567DD2 /* AppDelegate.swift */,
				CEAA54DC220C759300567DD2 /* Main.storyboard */,
				CEAA54DF220C759800567DD2 /* Assets.xcassets */,
				CEAA54E1220C759800567DD2 /* LaunchScreen.storyboard */,
				CEAA54E4220C759800567DD2 /* Info.plist */,
			);
			path = "ENG3 SE";
			sourceTree = "<group>";
		};
		CEAA54EA220C75A700567DD2 /* Controller */ = {
			isa = PBXGroup;
			children = (
				CEAA54EF220C7A4600567DD2 /* BaseViewController.swift */,
				CEAA54DA220C759300567DD2 /* ViewController.swift */,
				CEAA54F1220C7B0000567DD2 /* MenuViewController.swift */,
				CE0C242322134C01001B7405 /* LoginViewController.swift */,
			);
			path = Controller;
			sourceTree = "<group>";
		};
		CEAA54EB220C75B600567DD2 /* View */ = {
			isa = PBXGroup;
			children = (
			);
			path = View;
			sourceTree = "<group>";
		};
		CEAA54EC220C75BE00567DD2 /* Model */ = {
			isa = PBXGroup;
			children = (
			);
			path = Model;
			sourceTree = "<group>";
		};
/* End PBXGroup section */

/* Begin PBXNativeTarget section */
		CEAA54D4220C759300567DD2 /* ENG3 SE */ = {
			isa = PBXNativeTarget;
			buildConfigurationList = CEAA54E7220C759800567DD2 /* Build configuration list for PBXNativeTarget "ENG3 SE" */;
			buildPhases = (
				CEAA54D1220C759300567DD2 /* Sources */,
				CEAA54D2220C759300567DD2 /* Frameworks */,
				CEAA54D3220C759300567DD2 /* Resources */,
			);
			buildRules = (
			);
			dependencies = (
			);
			name = "ENG3 SE";
			productName = "ENG3 SE";
			productReference = CEAA54D5220C759300567DD2 /* ENG3 SE.app */;
			productType = "com.apple.product-type.application";
		};
/* End PBXNativeTarget section */

/* Begin PBXProject section */
		CEAA54CD220C759300567DD2 /* Project object */ = {
			isa = PBXProject;
			attributes = {
				LastSwiftUpdateCheck = 1010;
				LastUpgradeCheck = 1010;
				ORGANIZATIONNAME = "Renato High";
				TargetAttributes = {
					CEAA54D4220C759300567DD2 = {
						CreatedOnToolsVersion = 10.1;
					};
				};
			};
			buildConfigurationList = CEAA54D0220C759300567DD2 /* Build configuration list for PBXProject "ENG3 SE" */;
			compatibilityVersion = "Xcode 9.3";
			developmentRegion = en;
			hasScannedForEncodings = 0;
			knownRegions = (
				en,
				Base,
			);
			mainGroup = CEAA54CC220C759300567DD2;
			productRefGroup = CEAA54D6220C759300567DD2 /* Products */;
			projectDirPath = "";
			projectRoot = "";
			targets = (
				CEAA54D4220C759300567DD2 /* ENG3 SE */,
			);
		};
/* End PBXProject section */

/* Begin PBXResourcesBuildPhase section */
		CEAA54D3220C759300567DD2 /* Resources */ = {
			isa = PBXResourcesBuildPhase;
			buildActionMask = 2147483647;
			files = (
				CEAA54E3220C759800567DD2 /* LaunchScreen.storyboard in Resources */,
				CEAA54E0220C759800567DD2 /* Assets.xcassets in Resources */,
				CEAA54DE220C759300567DD2 /* Main.storyboard in Resources */,
			);
			runOnlyForDeploymentPostprocessing = 0;
		};
/* End PBXResourcesBuildPhase section */

/* Begin PBXSourcesBuildPhase section */
		CEAA54D1220C759300567DD2 /* Sources */ = {
			isa = PBXSourcesBuildPhase;
			buildActionMask = 2147483647;
			files = (
				CEAA54DB220C759300567DD2 /* ViewController.swift in Sources */,
				CEAA54D9220C759300567DD2 /* AppDelegate.swift in Sources */,
				CEAA54F0220C7A4600567DD2 /* BaseViewController.swift in Sources */,
				CE0C242422134C01001B7405 /* LoginViewController.swift in Sources */,
				CEAA54F2220C7B0000567DD2 /* MenuViewController.swift in Sources */,
			);
			runOnlyForDeploymentPostprocessing = 0;
		};
/* End PBXSourcesBuildPhase section */

/* Begin PBXVariantGroup section */
		CEAA54DC220C759300567DD2 /* Main.storyboard */ = {
			isa = PBXVariantGroup;
			children = (
				CEAA54DD220C759300567DD2 /* Base */,
			);
			name = Main.storyboard;
			sourceTree = "<group>";
		};
		CEAA54E1220C759800567DD2 /* LaunchScreen.storyboard */ = {
			isa = PBXVariantGroup;
			children = (
				CEAA54E2220C759800567DD2 /* Base */,
			);
			name = LaunchScreen.storyboard;
			sourceTree = "<group>";
		};
/* End PBXVariantGroup section */

/* Begin XCBuildConfiguration section */
		CEAA54E5220C759800567DD2 /* Debug */ = {
			isa = XCBuildConfiguration;
			buildSettings = {
				ALWAYS_SEARCH_USER_PATHS = NO;
				CLANG_ANALYZER_NONNULL = YES;
				CLANG_ANALYZER_NUMBER_OBJECT_CONVERSION = YES_AGGRESSIVE;
				CLANG_CXX_LANGUAGE_STANDARD = "gnu++14";
				CLANG_CXX_LIBRARY = "libc++";
				CLANG_ENABLE_MODULES = YES;
				CLANG_ENABLE_OBJC_ARC = YES;
				CLANG_ENABLE_OBJC_WEAK = YES;
				CLANG_WARN_BLOCK_CAPTURE_AUTORELEASING = YES;
				CLANG_WARN_BOOL_CONVERSION = YES;
				CLANG_WARN_COMMA = YES;
				CLANG_WARN_CONSTANT_CONVERSION = YES;
				CLANG_WARN_DEPRECATED_OBJC_IMPLEMENTATIONS = YES;
				CLANG_WARN_DIRECT_OBJC_ISA_USAGE = YES_ERROR;
				CLANG_WARN_DOCUMENTATION_COMMENTS = YES;
				CLANG_WARN_EMPTY_BODY = YES;
				CLANG_WARN_ENUM_CONVERSION = YES;
				CLANG_WARN_INFINITE_RECURSION = YES;
				CLANG_WARN_INT_CONVERSION = YES;
				CLANG_WARN_NON_LITERAL_NULL_CONVERSION = YES;
				CLANG_WARN_OBJC_IMPLICIT_RETAIN_SELF = YES;
				CLANG_WARN_OBJC_LITERAL_CONVERSION = YES;
				CLANG_WARN_OBJC_ROOT_CLASS = YES_ERROR;
				CLANG_WARN_RANGE_LOOP_ANALYSIS = YES;
				CLANG_WARN_STRICT_PROTOTYPES = YES;
				CLANG_WARN_SUSPICIOUS_MOVE = YES;
				CLANG_WARN_UNGUARDED_AVAILABILITY = YES_AGGRESSIVE;
				CLANG_WARN_UNREACHABLE_CODE = YES;
				CLANG_WARN__DUPLICATE_METHOD_MATCH = YES;
				CODE_SIGN_IDENTITY = "iPhone Developer";
				COPY_PHASE_STRIP = NO;
				DEBUG_INFORMATION_FORMAT = dwarf;
				ENABLE_STRICT_OBJC_MSGSEND = YES;
				ENABLE_TESTABILITY = YES;
				GCC_C_LANGUAGE_STANDARD = gnu11;
				GCC_DYNAMIC_NO_PIC = NO;
				GCC_NO_COMMON_BLOCKS = YES;
				GCC_OPTIMIZATION_LEVEL = 0;
				GCC_PREPROCESSOR_DEFINITIONS = (
					"DEBUG=1",
					"$(inherited)",
				);
				GCC_WARN_64_TO_32_BIT_CONVERSION = YES;
				GCC_WARN_ABOUT_RETURN_TYPE = YES_ERROR;
				GCC_WARN_UNDECLARED_SELECTOR = YES;
				GCC_WARN_UNINITIALIZED_AUTOS = YES_AGGRESSIVE;
				GCC_WARN_UNUSED_FUNCTION = YES;
				GCC_WARN_UNUSED_VARIABLE = YES;
				IPHONEOS_DEPLOYMENT_TARGET = 12.1;
				MTL_ENABLE_DEBUG_INFO = INCLUDE_SOURCE;
				MTL_FAST_MATH = YES;
				ONLY_ACTIVE_ARCH = YES;
				SDKROOT = iphoneos;
				SWIFT_ACTIVE_COMPILATION_CONDITIONS = DEBUG;
				SWIFT_OPTIMIZATION_LEVEL = "-Onone";
			};
			name = Debug;
		};
		CEAA54E6220C759800567DD2 /* Release */ = {
			isa = XCBuildConfiguration;
			buildSettings = {
				ALWAYS_SEARCH_USER_PATHS = NO;
				CLANG_ANALYZER_NONNULL = YES;
				CLANG_ANALYZER_NUMBER_OBJECT_CONVERSION = YES_AGGRESSIVE;
				CLANG_CXX_LANGUAGE_STANDARD = "gnu++14";
				CLANG_CXX_LIBRARY = "libc++";
				CLANG_ENABLE_MODULES = YES;
				CLANG_ENABLE_OBJC_ARC = YES;
				CLANG_ENABLE_OBJC_WEAK = YES;
				CLANG_WARN_BLOCK_CAPTURE_AUTORELEASING = YES;
				CLANG_WARN_BOOL_CONVERSION = YES;
				CLANG_WARN_COMMA = YES;
				CLANG_WARN_CONSTANT_CONVERSION = YES;
				CLANG_WARN_DEPRECATED_OBJC_IMPLEMENTATIONS = YES;
				CLANG_WARN_DIRECT_OBJC_ISA_USAGE = YES_ERROR;
				CLANG_WARN_DOCUMENTATION_COMMENTS = YES;
				CLANG_WARN_EMPTY_BODY = YES;
				CLANG_WARN_ENUM_CONVERSION = YES;
				CLANG_WARN_INFINITE_RECURSION = YES;
				CLANG_WARN_INT_CONVERSION = YES;
				CLANG_WARN_NON_LITERAL_NULL_CONVERSION = YES;
				CLANG_WARN_OBJC_IMPLICIT_RETAIN_SELF = YES;
				CLANG_WARN_OBJC_LITERAL_CONVERSION = YES;
				CLANG_WARN_OBJC_ROOT_CLASS = YES_ERROR;
				CLANG_WARN_RANGE_LOOP_ANALYSIS = YES;
				CLANG_WARN_STRICT_PROTOTYPES = YES;
				CLANG_WARN_SUSPICIOUS_MOVE = YES;
				CLANG_WARN_UNGUARDED_AVAILABILITY = YES_AGGRESSIVE;
				CLANG_WARN_UNREACHABLE_CODE = YES;
				CLANG_WARN__DUPLICATE_METHOD_MATCH = YES;
				CODE_SIGN_IDENTITY = "iPhone Developer";
				COPY_PHASE_STRIP = NO;
				DEBUG_INFORMATION_FORMAT = "dwarf-with-dsym";
				ENABLE_NS_ASSERTIONS = NO;
				ENABLE_STRICT_OBJC_MSGSEND = YES;
				GCC_C_LANGUAGE_STANDARD = gnu11;
				GCC_NO_COMMON_BLOCKS = YES;
				GCC_WARN_64_TO_32_BIT_CONVERSION = YES;
				GCC_WARN_ABOUT_RETURN_TYPE = YES_ERROR;
				GCC_WARN_UNDECLARED_SELECTOR = YES;
				GCC_WARN_UNINITIALIZED_AUTOS = YES_AGGRESSIVE;
				GCC_WARN_UNUSED_FUNCTION = YES;
				GCC_WARN_UNUSED_VARIABLE = YES;
				IPHONEOS_DEPLOYMENT_TARGET = 12.1;
				MTL_ENABLE_DEBUG_INFO = NO;
				MTL_FAST_MATH = YES;
				SDKROOT = iphoneos;
				SWIFT_COMPILATION_MODE = wholemodule;
				SWIFT_OPTIMIZATION_LEVEL = "-O";
				VALIDATE_PRODUCT = YES;
			};
			name = Release;
		};
		CEAA54E8220C759800567DD2 /* Debug */ = {
			isa = XCBuildConfiguration;
			buildSettings = {
				ASSETCATALOG_COMPILER_APPICON_NAME = AppIcon;
				CODE_SIGN_STYLE = Automatic;
				INFOPLIST_FILE = "ENG3 SE/Info.plist";
				LD_RUNPATH_SEARCH_PATHS = (
					"$(inherited)",
					"@executable_path/Frameworks",
				);
				PRODUCT_BUNDLE_IDENTIFIER = "com.macproject.ENG3-SE";
				PRODUCT_NAME = "$(TARGET_NAME)";
				SWIFT_VERSION = 4.2;
				TARGETED_DEVICE_FAMILY = "1,2";
			};
			name = Debug;
		};
		CEAA54E9220C759800567DD2 /* Release */ = {
			isa = XCBuildConfiguration;
			buildSettings = {
				ASSETCATALOG_COMPILER_APPICON_NAME = AppIcon;
				CODE_SIGN_STYLE = Automatic;
				INFOPLIST_FILE = "ENG3 SE/Info.plist";
				LD_RUNPATH_SEARCH_PATHS = (
					"$(inherited)",
					"@executable_path/Frameworks",
				);
				PRODUCT_BUNDLE_IDENTIFIER = "com.macproject.ENG3-SE";
				PRODUCT_NAME = "$(TARGET_NAME)";
				SWIFT_VERSION = 4.2;
				TARGETED_DEVICE_FAMILY = "1,2";
			};
			name = Release;
		};
/* End XCBuildConfiguration section */

/* Begin XCConfigurationList section */
		CEAA54D0220C759300567DD2 /* Build configuration list for PBXProject "ENG3 SE" */ = {
			isa = XCConfigurationList;
			buildConfigurations = (
				CEAA54E5220C759800567DD2 /* Debug */,
				CEAA54E6220C759800567DD2 /* Release */,
			);
			defaultConfigurationIsVisible = 0;
			defaultConfigurationName = Release;
		};
		CEAA54E7220C759800567DD2 /* Build configuration list for PBXNativeTarget "ENG3 SE" */ = {
			isa = XCConfigurationList;
			buildConfigurations = (
				CEAA54E8220C759800567DD2 /* Debug */,
				CEAA54E9220C759800567DD2 /* Release */,
			);
			defaultConfigurationIsVisible = 0;
			defaultConfigurationName = Release;
		};
/* End XCConfigurationList section */
	};
	rootObject = CEAA54CD220C759300567DD2 /* Project object */;
}
